
Microsoft Visual Studio Solution File, Format Version 12.00
# Visual Studio 15
VisualStudioVersion = 15.0.28307.271
MinimumVisualStudioVersion = 10.0.40219.1
Project("{9A19103F-16F7-4668-BE54-9A1E7A4F7556}") = "tbp.Server", "tbp.Server\tbp.Server.csproj", "{DED9FDEA-4E8E-420F-895A-C2398D454B5F}"
EndProject
Project("{9A19103F-16F7-4668-BE54-9A1E7A4F7556}") = "tbp.Client", "tbp.Client\tbp.Client.csproj", "{3A3F74FD-A342-4206-8A26-5331F0B864D2}"
EndProject
Project("{9A19103F-16F7-4668-BE54-9A1E7A4F7556}") = "tbp.Shared", "tbp.Shared\tbp.Shared.csproj", "{5F56D54A-B1EE-449A-8646-D08672E95E11}"
EndProject
Global
	GlobalSection(SolutionConfigurationPlatforms) = preSolution
		Debug|Any CPU = Debug|Any CPU
		Release|Any CPU = Release|Any CPU
	EndGlobalSection
	GlobalSection(ProjectConfigurationPlatforms) = postSolution
		{DED9FDEA-4E8E-420F-895A-C2398D454B5F}.Debug|Any CPU.ActiveCfg = Debug|Any CPU
		{DED9FDEA-4E8E-420F-895A-C2398D454B5F}.Debug|Any CPU.Build.0 = Debug|Any CPU
		{DED9FDEA-4E8E-420F-895A-C2398D454B5F}.Release|Any CPU.ActiveCfg = Release|Any CPU
		{DED9FDEA-4E8E-420F-895A-C2398D454B5F}.Release|Any CPU.Build.0 = Release|Any CPU
		{3A3F74FD-A342-4206-8A26-5331F0B864D2}.Debug|Any CPU.ActiveCfg = Debug|Any CPU
		{3A3F74FD-A342-4206-8A26-5331F0B864D2}.Debug|Any CPU.Build.0 = Debug|Any CPU
		{3A3F74FD-A342-4206-8A26-5331F0B864D2}.Release|Any CPU.ActiveCfg = Release|Any CPU
		{3A3F74FD-A342-4206-8A26-5331F0B864D2}.Release|Any CPU.Build.0 = Release|Any CPU
		{5F56D54A-B1EE-449A-8646-D08672E95E11}.Debug|Any CPU.ActiveCfg = Debug|Any CPU
		{5F56D54A-B1EE-449A-8646-D08672E95E11}.Debug|Any CPU.Build.0 = Debug|Any CPU
		{5F56D54A-B1EE-449A-8646-D08672E95E11}.Release|Any CPU.ActiveCfg = Release|Any CPU
		{5F56D54A-B1EE-449A-8646-D08672E95E11}.Release|Any CPU.Build.0 = Release|Any CPU
	EndGlobalSection
	GlobalSection(SolutionProperties) = preSolution
		HideSolutionNode = FALSE
	EndGlobalSection
	GlobalSection(ExtensibilityGlobals) = postSolution
		SolutionGuid = {D562F1A5-0968-4F4F-86F8-421CD2CF6F21}
	EndGlobalSection
EndGlobal
